
Microsoft Visual Studio Solution File, Format Version 12.00
# Visual Studio Version 17
VisualStudioVersion = 17.12.35506.116 d17.12
MinimumVisualStudioVersion = 10.0.40219.1
Project("{FAE04EC0-301F-11D3-BF4B-00C04F79EFBC}") = "Calculator", "Calculator\Calculator.csproj", "{238D3CD8-80D3-4FEE-9231-E70821DDD0E5}"
EndProject
Project("{FAE04EC0-301F-11D3-BF4B-00C04F79EFBC}") = "Calculator.ViewModel", "Calculator.ViewModel\Calculator.ViewModel.csproj", "{AB92BD7C-B839-49DC-B2A8-0D4F630AF862}"
EndProject
Project("{FAE04EC0-301F-11D3-BF4B-00C04F79EFBC}") = "Calculator.Model", "Calculator.Model\Calculator.Model.csproj", "{53BCF459-A6DC-4025-A218-8D54D5AC0226}"
EndProject
Project("{FAE04EC0-301F-11D3-BF4B-00C04F79EFBC}") = "Calculator.Service", "Calculator.Service\Calculator.Service.csproj", "{2AE478CB-EA3A-4E9C-8E86-4992AB57B67B}"
EndProject
Global
	GlobalSection(SolutionConfigurationPlatforms) = preSolution
		Debug|Any CPU = Debug|Any CPU
		Release|Any CPU = Release|Any CPU
	EndGlobalSection
	GlobalSection(ProjectConfigurationPlatforms) = postSolution
		{238D3CD8-80D3-4FEE-9231-E70821DDD0E5}.Debug|Any CPU.ActiveCfg = Debug|Any CPU
		{238D3CD8-80D3-4FEE-9231-E70821DDD0E5}.Debug|Any CPU.Build.0 = Debug|Any CPU
		{238D3CD8-80D3-4FEE-9231-E70821DDD0E5}.Release|Any CPU.ActiveCfg = Release|Any CPU
		{238D3CD8-80D3-4FEE-9231-E70821DDD0E5}.Release|Any CPU.Build.0 = Release|Any CPU
		{AB92BD7C-B839-49DC-B2A8-0D4F630AF862}.Debug|Any CPU.ActiveCfg = Debug|Any CPU
		{AB92BD7C-B839-49DC-B2A8-0D4F630AF862}.Debug|Any CPU.Build.0 = Debug|Any CPU
		{AB92BD7C-B839-49DC-B2A8-0D4F630AF862}.Release|Any CPU.ActiveCfg = Release|Any CPU
		{AB92BD7C-B839-49DC-B2A8-0D4F630AF862}.Release|Any CPU.Build.0 = Release|Any CPU
		{53BCF459-A6DC-4025-A218-8D54D5AC0226}.Debug|Any CPU.ActiveCfg = Debug|Any CPU
		{53BCF459-A6DC-4025-A218-8D54D5AC0226}.Debug|Any CPU.Build.0 = Debug|Any CPU
		{53BCF459-A6DC-4025-A218-8D54D5AC0226}.Release|Any CPU.ActiveCfg = Release|Any CPU
		{53BCF459-A6DC-4025-A218-8D54D5AC0226}.Release|Any CPU.Build.0 = Release|Any CPU
		{2AE478CB-EA3A-4E9C-8E86-4992AB57B67B}.Debug|Any CPU.ActiveCfg = Debug|Any CPU
		{2AE478CB-EA3A-4E9C-8E86-4992AB57B67B}.Debug|Any CPU.Build.0 = Debug|Any CPU
		{2AE478CB-EA3A-4E9C-8E86-4992AB57B67B}.Release|Any CPU.ActiveCfg = Release|Any CPU
		{2AE478CB-EA3A-4E9C-8E86-4992AB57B67B}.Release|Any CPU.Build.0 = Release|Any CPU
	EndGlobalSection
	GlobalSection(SolutionProperties) = preSolution
		HideSolutionNode = FALSE
	EndGlobalSection
EndGlobal
